// !$*UTF8*$!
{
	archiveVersion = 1;
	classes = {
	};
	objectVersion = 46;
	objects = {

/* Begin PBXBuildFile section */
		724EDAE71BE67175009E80B1 /* AppDelegate.swift in Sources */ = {isa = PBXBuildFile; fileRef = 724EDAE61BE67175009E80B1 /* AppDelegate.swift */; };
		724EDAE91BE67175009E80B1 /* Assets.xcassets in Resources */ = {isa = PBXBuildFile; fileRef = 724EDAE81BE67175009E80B1 /* Assets.xcassets */; };
		724EDAEC1BE67175009E80B1 /* MainMenu.xib in Resources */ = {isa = PBXBuildFile; fileRef = 724EDAEA1BE67175009E80B1 /* MainMenu.xib */; };
		724EDAF71BE67175009E80B1 /* FurnishTests.swift in Sources */ = {isa = PBXBuildFile; fileRef = 724EDAF61BE67175009E80B1 /* FurnishTests.swift */; };
		724EDB021BE67175009E80B1 /* FurnishUITests.swift in Sources */ = {isa = PBXBuildFile; fileRef = 724EDB011BE67175009E80B1 /* FurnishUITests.swift */; };
/* End PBXBuildFile section */

/* Begin PBXContainerItemProxy section */
		724EDAF31BE67175009E80B1 /* PBXContainerItemProxy */ = {
			isa = PBXContainerItemProxy;
			containerPortal = 724EDADB1BE67175009E80B1 /* Project object */;
			proxyType = 1;
			remoteGlobalIDString = 724EDAE21BE67175009E80B1;
			remoteInfo = Furnish;
		};
		724EDAFE1BE67175009E80B1 /* PBXContainerItemProxy */ = {
			isa = PBXContainerItemProxy;
			containerPortal = 724EDADB1BE67175009E80B1 /* Project object */;
			proxyType = 1;
			remoteGlobalIDString = 724EDAE21BE67175009E80B1;
			remoteInfo = Furnish;
		};
/* End PBXContainerItemProxy section */

/* Begin PBXFileReference section */
		724EDAE31BE67175009E80B1 /* Furnish.app */ = {isa = PBXFileReference; explicitFileType = wrapper.application; includeInIndex = 0; path = Furnish.app; sourceTree = BUILT_PRODUCTS_DIR; };
		724EDAE61BE67175009E80B1 /* AppDelegate.swift */ = {isa = PBXFileReference; lastKnownFileType = sourcecode.swift; path = AppDelegate.swift; sourceTree = "<group>"; };
		724EDAE81BE67175009E80B1 /* Assets.xcassets */ = {isa = PBXFileReference; lastKnownFileType = folder.assetcatalog; path = Assets.xcassets; sourceTree = "<group>"; };
		724EDAEB1BE67175009E80B1 /* Base */ = {isa = PBXFileReference; lastKnownFileType = file.xib; name = Base; path = Base.lproj/MainMenu.xib; sourceTree = "<group>"; };
		724EDAED1BE67175009E80B1 /* Info.plist */ = {isa = PBXFileReference; lastKnownFileType = text.plist.xml; path = Info.plist; sourceTree = "<group>"; };
		724EDAF21BE67175009E80B1 /* FurnishTests.xctest */ = {isa = PBXFileReference; explicitFileType = wrapper.cfbundle; includeInIndex = 0; path = FurnishTests.xctest; sourceTree = BUILT_PRODUCTS_DIR; };
		724EDAF61BE67175009E80B1 /* FurnishTests.swift */ = {isa = PBXFileReference; lastKnownFileType = sourcecode.swift; path = FurnishTests.swift; sourceTree = "<group>"; };
		724EDAF81BE67175009E80B1 /* Info.plist */ = {isa = PBXFileReference; lastKnownFileType = text.plist.xml; path = Info.plist; sourceTree = "<group>"; };
		724EDAFD1BE67175009E80B1 /* FurnishUITests.xctest */ = {isa = PBXFileReference; explicitFileType = wrapper.cfbundle; includeInIndex = 0; path = FurnishUITests.xctest; sourceTree = BUILT_PRODUCTS_DIR; };
		724EDB011BE67175009E80B1 /* FurnishUITests.swift */ = {isa = PBXFileReference; lastKnownFileType = sourcecode.swift; path = FurnishUITests.swift; sourceTree = "<group>"; };
		724EDB031BE67175009E80B1 /* Info.plist */ = {isa = PBXFileReference; lastKnownFileType = text.plist.xml; path = Info.plist; sourceTree = "<group>"; };
/* End PBXFileReference section */

/* Begin PBXFrameworksBuildPhase section */
		724EDAE01BE67175009E80B1 /* Frameworks */ = {
			isa = PBXFrameworksBuildPhase;
			buildActionMask = 2147483647;
			files = (
			);
			runOnlyForDeploymentPostprocessing = 0;
		};
		724EDAEF1BE67175009E80B1 /* Frameworks */ = {
			isa = PBXFrameworksBuildPhase;
			buildActionMask = 2147483647;
			files = (
			);
			runOnlyForDeploymentPostprocessing = 0;
		};
		724EDAFA1BE67175009E80B1 /* Frameworks */ = {
			isa = PBXFrameworksBuildPhase;
			buildActionMask = 2147483647;
			files = (
			);
			runOnlyForDeploymentPostprocessing = 0;
		};
/* End PBXFrameworksBuildPhase section */

/* Begin PBXGroup section */
		724EDADA1BE67175009E80B1 = {
			isa = PBXGroup;
			children = (
				724EDAE51BE67175009E80B1 /* Furnish */,
				724EDAF51BE67175009E80B1 /* FurnishTests */,
				724EDB001BE67175009E80B1 /* FurnishUITests */,
				724EDAE41BE67175009E80B1 /* Products */,
			);
			sourceTree = "<group>";
		};
		724EDAE41BE67175009E80B1 /* Products */ = {
			isa = PBXGroup;
			children = (
				724EDAE31BE67175009E80B1 /* Furnish.app */,
				724EDAF21BE67175009E80B1 /* FurnishTests.xctest */,
				724EDAFD1BE67175009E80B1 /* FurnishUITests.xctest */,
			);
			name = Products;
			sourceTree = "<group>";
		};
		724EDAE51BE67175009E80B1 /* Furnish */ = {
			isa = PBXGroup;
			children = (
				724EDAE61BE67175009E80B1 /* AppDelegate.swift */,
				724EDAE81BE67175009E80B1 /* Assets.xcassets */,
				724EDAEA1BE67175009E80B1 /* MainMenu.xib */,
				724EDAED1BE67175009E80B1 /* Info.plist */,
			);
			path = Furnish;
			sourceTree = "<group>";
		};
		724EDAF51BE67175009E80B1 /* FurnishTests */ = {
			isa = PBXGroup;
			children = (
				724EDAF61BE67175009E80B1 /* FurnishTests.swift */,
				724EDAF81BE67175009E80B1 /* Info.plist */,
			);
			path = FurnishTests;
			sourceTree = "<group>";
		};
		724EDB001BE67175009E80B1 /* FurnishUITests */ = {
			isa = PBXGroup;
			children = (
				724EDB011BE67175009E80B1 /* FurnishUITests.swift */,
				724EDB031BE67175009E80B1 /* Info.plist */,
			);
			path = FurnishUITests;
			sourceTree = "<group>";
		};
/* End PBXGroup section */

/* Begin PBXNativeTarget section */
		724EDAE21BE67175009E80B1 /* Furnish */ = {
			isa = PBXNativeTarget;
			buildConfigurationList = 724EDB061BE67175009E80B1 /* Build configuration list for PBXNativeTarget "Furnish" */;
			buildPhases = (
				724EDADF1BE67175009E80B1 /* Sources */,
				724EDAE01BE67175009E80B1 /* Frameworks */,
				724EDAE11BE67175009E80B1 /* Resources */,
			);
			buildRules = (
			);
			dependencies = (
			);
			name = Furnish;
			productName = Furnish;
			productReference = 724EDAE31BE67175009E80B1 /* Furnish.app */;
			productType = "com.apple.product-type.application";
		};
		724EDAF11BE67175009E80B1 /* FurnishTests */ = {
			isa = PBXNativeTarget;
			buildConfigurationList = 724EDB091BE67175009E80B1 /* Build configuration list for PBXNativeTarget "FurnishTests" */;
			buildPhases = (
				724EDAEE1BE67175009E80B1 /* Sources */,
				724EDAEF1BE67175009E80B1 /* Frameworks */,
				724EDAF01BE67175009E80B1 /* Resources */,
			);
			buildRules = (
			);
			dependencies = (
				724EDAF41BE67175009E80B1 /* PBXTargetDependency */,
			);
			name = FurnishTests;
			productName = FurnishTests;
			productReference = 724EDAF21BE67175009E80B1 /* FurnishTests.xctest */;
			productType = "com.apple.product-type.bundle.unit-test";
		};
		724EDAFC1BE67175009E80B1 /* FurnishUITests */ = {
			isa = PBXNativeTarget;
			buildConfigurationList = 724EDB0C1BE67175009E80B1 /* Build configuration list for PBXNativeTarget "FurnishUITests" */;
			buildPhases = (
				724EDAF91BE67175009E80B1 /* Sources */,
				724EDAFA1BE67175009E80B1 /* Frameworks */,
				724EDAFB1BE67175009E80B1 /* Resources */,
			);
			buildRules = (
			);
			dependencies = (
				724EDAFF1BE67175009E80B1 /* PBXTargetDependency */,
			);
			name = FurnishUITests;
			productName = FurnishUITests;
			productReference = 724EDAFD1BE67175009E80B1 /* FurnishUITests.xctest */;
			productType = "com.apple.product-type.bundle.ui-testing";
		};
/* End PBXNativeTarget section */

/* Begin PBXProject section */
		724EDADB1BE67175009E80B1 /* Project object */ = {
			isa = PBXProject;
			attributes = {
				LastSwiftUpdateCheck = 0710;
				LastUpgradeCheck = 0710;
				ORGANIZATIONNAME = "Brian Michel";
				TargetAttributes = {
					724EDAE21BE67175009E80B1 = {
						CreatedOnToolsVersion = 7.1;
					};
					724EDAF11BE67175009E80B1 = {
						CreatedOnToolsVersion = 7.1;
						TestTargetID = 724EDAE21BE67175009E80B1;
					};
					724EDAFC1BE67175009E80B1 = {
						CreatedOnToolsVersion = 7.1;
						TestTargetID = 724EDAE21BE67175009E80B1;
					};
				};
			};
			buildConfigurationList = 724EDADE1BE67175009E80B1 /* Build configuration list for PBXProject "Furnish" */;
			compatibilityVersion = "Xcode 3.2";
			developmentRegion = English;
			hasScannedForEncodings = 0;
			knownRegions = (
				en,
				Base,
			);
			mainGroup = 724EDADA1BE67175009E80B1;
			productRefGroup = 724EDAE41BE67175009E80B1 /* Products */;
			projectDirPath = "";
			projectRoot = "";
			targets = (
				724EDAE21BE67175009E80B1 /* Furnish */,
				724EDAF11BE67175009E80B1 /* FurnishTests */,
				724EDAFC1BE67175009E80B1 /* FurnishUITests */,
			);
		};
/* End PBXProject section */

/* Begin PBXResourcesBuildPhase section */
		724EDAE11BE67175009E80B1 /* Resources */ = {
			isa = PBXResourcesBuildPhase;
			buildActionMask = 2147483647;
			files = (
				724EDAE91BE67175009E80B1 /* Assets.xcassets in Resources */,
				724EDAEC1BE67175009E80B1 /* MainMenu.xib in Resources */,
			);
			runOnlyForDeploymentPostprocessing = 0;
		};
		724EDAF01BE67175009E80B1 /* Resources */ = {
			isa = PBXResourcesBuildPhase;
			buildActionMask = 2147483647;
			files = (
			);
			runOnlyForDeploymentPostprocessing = 0;
		};
		724EDAFB1BE67175009E80B1 /* Resources */ = {
			isa = PBXResourcesBuildPhase;
			buildActionMask = 2147483647;
			files = (
			);
			runOnlyForDeploymentPostprocessing = 0;
		};
/* End PBXResourcesBuildPhase section */

/* Begin PBXSourcesBuildPhase section */
		724EDADF1BE67175009E80B1 /* Sources */ = {
			isa = PBXSourcesBuildPhase;
			buildActionMask = 2147483647;
			files = (
				724EDAE71BE67175009E80B1 /* AppDelegate.swift in Sources */,
			);
			runOnlyForDeploymentPostprocessing = 0;
		};
		724EDAEE1BE67175009E80B1 /* Sources */ = {
			isa = PBXSourcesBuildPhase;
			buildActionMask = 2147483647;
			files = (
				724EDAF71BE67175009E80B1 /* FurnishTests.swift in Sources */,
			);
			runOnlyForDeploymentPostprocessing = 0;
		};
		724EDAF91BE67175009E80B1 /* Sources */ = {
			isa = PBXSourcesBuildPhase;
			buildActionMask = 2147483647;
			files = (
				724EDB021BE67175009E80B1 /* FurnishUITests.swift in Sources */,
			);
			runOnlyForDeploymentPostprocessing = 0;
		};
/* End PBXSourcesBuildPhase section */

/* Begin PBXTargetDependency section */
		724EDAF41BE67175009E80B1 /* PBXTargetDependency */ = {
			isa = PBXTargetDependency;
			target = 724EDAE21BE67175009E80B1 /* Furnish */;
			targetProxy = 724EDAF31BE67175009E80B1 /* PBXContainerItemProxy */;
		};
		724EDAFF1BE67175009E80B1 /* PBXTargetDependency */ = {
			isa = PBXTargetDependency;
			target = 724EDAE21BE67175009E80B1 /* Furnish */;
			targetProxy = 724EDAFE1BE67175009E80B1 /* PBXContainerItemProxy */;
		};
/* End PBXTargetDependency section */

/* Begin PBXVariantGroup section */
		724EDAEA1BE67175009E80B1 /* MainMenu.xib */ = {
			isa = PBXVariantGroup;
			children = (
				724EDAEB1BE67175009E80B1 /* Base */,
			);
			name = MainMenu.xib;
			sourceTree = "<group>";
		};
/* End PBXVariantGroup section */

/* Begin XCBuildConfiguration section */
		724EDB041BE67175009E80B1 /* Debug */ = {
			isa = XCBuildConfiguration;
			buildSettings = {
				ALWAYS_SEARCH_USER_PATHS = NO;
				CLANG_CXX_LANGUAGE_STANDARD = "gnu++0x";
				CLANG_CXX_LIBRARY = "libc++";
				CLANG_ENABLE_MODULES = YES;
				CLANG_ENABLE_OBJC_ARC = YES;
				CLANG_WARN_BOOL_CONVERSION = YES;
				CLANG_WARN_CONSTANT_CONVERSION = YES;
				CLANG_WARN_DIRECT_OBJC_ISA_USAGE = YES_ERROR;
				CLANG_WARN_EMPTY_BODY = YES;
				CLANG_WARN_ENUM_CONVERSION = YES;
				CLANG_WARN_INT_CONVERSION = YES;
				CLANG_WARN_OBJC_ROOT_CLASS = YES_ERROR;
				CLANG_WARN_UNREACHABLE_CODE = YES;
				CLANG_WARN__DUPLICATE_METHOD_MATCH = YES;
				CODE_SIGN_IDENTITY = "-";
				COPY_PHASE_STRIP = NO;
				DEBUG_INFORMATION_FORMAT = dwarf;
				ENABLE_STRICT_OBJC_MSGSEND = YES;
				ENABLE_TESTABILITY = YES;
				GCC_C_LANGUAGE_STANDARD = gnu99;
				GCC_DYNAMIC_NO_PIC = NO;
				GCC_NO_COMMON_BLOCKS = YES;
				GCC_OPTIMIZATION_LEVEL = 0;
				GCC_PREPROCESSOR_DEFINITIONS = (
					"DEBUG=1",
					"$(inherited)",
				);
				GCC_WARN_64_TO_32_BIT_CONVERSION = YES;
				GCC_WARN_ABOUT_RETURN_TYPE = YES_ERROR;
				GCC_WARN_UNDECLARED_SELECTOR = YES;
				GCC_WARN_UNINITIALIZED_AUTOS = YES_AGGRESSIVE;
				GCC_WARN_UNUSED_FUNCTION = YES;
				GCC_WARN_UNUSED_VARIABLE = YES;
				MACOSX_DEPLOYMENT_TARGET = 10.11;
				MTL_ENABLE_DEBUG_INFO = YES;
				ONLY_ACTIVE_ARCH = YES;
				SDKROOT = macosx;
				SWIFT_OPTIMIZATION_LEVEL = "-Onone";
			};
			name = Debug;
		};
		724EDB051BE67175009E80B1 /* Release */ = {
			isa = XCBuildConfiguration;
			buildSettings = {
				ALWAYS_SEARCH_USER_PATHS = NO;
				CLANG_CXX_LANGUAGE_STANDARD = "gnu++0x";
				CLANG_CXX_LIBRARY = "libc++";
				CLANG_ENABLE_MODULES = YES;
				CLANG_ENABLE_OBJC_ARC = YES;
				CLANG_WARN_BOOL_CONVERSION = YES;
				CLANG_WARN_CONSTANT_CONVERSION = YES;
				CLANG_WARN_DIRECT_OBJC_ISA_USAGE = YES_ERROR;
				CLANG_WARN_EMPTY_BODY = YES;
				CLANG_WARN_ENUM_CONVERSION = YES;
				CLANG_WARN_INT_CONVERSION = YES;
				CLANG_WARN_OBJC_ROOT_CLASS = YES_ERROR;
				CLANG_WARN_UNREACHABLE_CODE = YES;
				CLANG_WARN__DUPLICATE_METHOD_MATCH = YES;
				CODE_SIGN_IDENTITY = "-";
				COPY_PHASE_STRIP = NO;
				DEBUG_INFORMATION_FORMAT = "dwarf-with-dsym";
				ENABLE_NS_ASSERTIONS = NO;
				ENABLE_STRICT_OBJC_MSGSEND = YES;
				GCC_C_LANGUAGE_STANDARD = gnu99;
				GCC_NO_COMMON_BLOCKS = YES;
				GCC_WARN_64_TO_32_BIT_CONVERSION = YES;
				GCC_WARN_ABOUT_RETURN_TYPE = YES_ERROR;
				GCC_WARN_UNDECLARED_SELECTOR = YES;
				GCC_WARN_UNINITIALIZED_AUTOS = YES_AGGRESSIVE;
				GCC_WARN_UNUSED_FUNCTION = YES;
				GCC_WARN_UNUSED_VARIABLE = YES;
				MACOSX_DEPLOYMENT_TARGET = 10.11;
				MTL_ENABLE_DEBUG_INFO = NO;
				SDKROOT = macosx;
			};
			name = Release;
		};
		724EDB071BE67175009E80B1 /* Debug */ = {
			isa = XCBuildConfiguration;
			buildSettings = {
				ASSETCATALOG_COMPILER_APPICON_NAME = AppIcon;
				COMBINE_HIDPI_IMAGES = YES;
				INFOPLIST_FILE = Furnish/Info.plist;
				LD_RUNPATH_SEARCH_PATHS = "$(inherited) @executable_path/../Frameworks";
				PRODUCT_BUNDLE_IDENTIFIER = com.bsm.osx.Furnish;
				PRODUCT_NAME = "$(TARGET_NAME)";
			};
			name = Debug;
		};
		724EDB081BE67175009E80B1 /* Release */ = {
			isa = XCBuildConfiguration;
			buildSettings = {
				ASSETCATALOG_COMPILER_APPICON_NAME = AppIcon;
				COMBINE_HIDPI_IMAGES = YES;
				INFOPLIST_FILE = Furnish/Info.plist;
				LD_RUNPATH_SEARCH_PATHS = "$(inherited) @executable_path/../Frameworks";
				PRODUCT_BUNDLE_IDENTIFIER = com.bsm.osx.Furnish;
				PRODUCT_NAME = "$(TARGET_NAME)";
			};
			name = Release;
		};
		724EDB0A1BE67175009E80B1 /* Debug */ = {
			isa = XCBuildConfiguration;
			buildSettings = {
				BUNDLE_LOADER = "$(TEST_HOST)";
				COMBINE_HIDPI_IMAGES = YES;
				INFOPLIST_FILE = FurnishTests/Info.plist;
				LD_RUNPATH_SEARCH_PATHS = "$(inherited) @executable_path/../Frameworks @loader_path/../Frameworks";
				PRODUCT_BUNDLE_IDENTIFIER = com.bsm.osx.FurnishTests;
				PRODUCT_NAME = "$(TARGET_NAME)";
				TEST_HOST = "$(BUILT_PRODUCTS_DIR)/Furnish.app/Contents/MacOS/Furnish";
			};
			name = Debug;
		};
		724EDB0B1BE67175009E80B1 /* Release */ = {
			isa = XCBuildConfiguration;
			buildSettings = {
				BUNDLE_LOADER = "$(TEST_HOST)";
				COMBINE_HIDPI_IMAGES = YES;
				INFOPLIST_FILE = FurnishTests/Info.plist;
				LD_RUNPATH_SEARCH_PATHS = "$(inherited) @executable_path/../Frameworks @loader_path/../Frameworks";
				PRODUCT_BUNDLE_IDENTIFIER = com.bsm.osx.FurnishTests;
				PRODUCT_NAME = "$(TARGET_NAME)";
				TEST_HOST = "$(BUILT_PRODUCTS_DIR)/Furnish.app/Contents/MacOS/Furnish";
			};
			name = Release;
		};
		724EDB0D1BE67175009E80B1 /* Debug */ = {
			isa = XCBuildConfiguration;
			buildSettings = {
				COMBINE_HIDPI_IMAGES = YES;
				INFOPLIST_FILE = FurnishUITests/Info.plist;
				LD_RUNPATH_SEARCH_PATHS = "$(inherited) @executable_path/../Frameworks @loader_path/../Frameworks";
				PRODUCT_BUNDLE_IDENTIFIER = com.bsm.osx.FurnishUITests;
				PRODUCT_NAME = "$(TARGET_NAME)";
				TEST_TARGET_NAME = Furnish;
				USES_XCTRUNNER = YES;
			};
			name = Debug;
		};
		724EDB0E1BE67175009E80B1 /* Release */ = {
			isa = XCBuildConfiguration;
			buildSettings = {
				COMBINE_HIDPI_IMAGES = YES;
				INFOPLIST_FILE = FurnishUITests/Info.plist;
				LD_RUNPATH_SEARCH_PATHS = "$(inherited) @executable_path/../Frameworks @loader_path/../Frameworks";
				PRODUCT_BUNDLE_IDENTIFIER = com.bsm.osx.FurnishUITests;
				PRODUCT_NAME = "$(TARGET_NAME)";
				TEST_TARGET_NAME = Furnish;
				USES_XCTRUNNER = YES;
			};
			name = Release;
		};
/* End XCBuildConfiguration section */

/* Begin XCConfigurationList section */
		724EDADE1BE67175009E80B1 /* Build configuration list for PBXProject "Furnish" */ = {
			isa = XCConfigurationList;
			buildConfigurations = (
				724EDB041BE67175009E80B1 /* Debug */,
				724EDB051BE67175009E80B1 /* Release */,
			);
			defaultConfigurationIsVisible = 0;
			defaultConfigurationName = Release;
		};
		724EDB061BE67175009E80B1 /* Build configuration list for PBXNativeTarget "Furnish" */ = {
			isa = XCConfigurationList;
			buildConfigurations = (
				724EDB071BE67175009E80B1 /* Debug */,
				724EDB081BE67175009E80B1 /* Release */,
			);
			defaultConfigurationIsVisible = 0;
		};
		724EDB091BE67175009E80B1 /* Build configuration list for PBXNativeTarget "FurnishTests" */ = {
			isa = XCConfigurationList;
			buildConfigurations = (
				724EDB0A1BE67175009E80B1 /* Debug */,
				724EDB0B1BE67175009E80B1 /* Release */,
			);
			defaultConfigurationIsVisible = 0;
		};
		724EDB0C1BE67175009E80B1 /* Build configuration list for PBXNativeTarget "FurnishUITests" */ = {
			isa = XCConfigurationList;
			buildConfigurations = (
				724EDB0D1BE67175009E80B1 /* Debug */,
				724EDB0E1BE67175009E80B1 /* Release */,
			);
			defaultConfigurationIsVisible = 0;
		};
/* End XCConfigurationList section */
	};
	rootObject = 724EDADB1BE67175009E80B1 /* Project object */;
}
